
Microsoft Visual Studio Solution File, Format Version 12.00
# Visual Studio Version 17
VisualStudioVersion = 17.2.32630.192
MinimumVisualStudioVersion = 10.0.40219.1
Project("{FAE04EC0-301F-11D3-BF4B-00C04F79EFBC}") = "TestApp2", "TestApp2\TestApp2.csproj", "{5C48D40A-6373-4A37-A784-5EB7B3CF2902}"
EndProject
Global
	GlobalSection(SolutionConfigurationPlatforms) = preSolution
		Debug|Any CPU = Debug|Any CPU
		Release|Any CPU = Release|Any CPU
	EndGlobalSection
	GlobalSection(ProjectConfigurationPlatforms) = postSolution
		{5C48D40A-6373-4A37-A784-5EB7B3CF2902}.Debug|Any CPU.ActiveCfg = Debug|Any CPU
		{5C48D40A-6373-4A37-A784-5EB7B3CF2902}.Debug|Any CPU.Build.0 = Debug|Any CPU
		{5C48D40A-6373-4A37-A784-5EB7B3CF2902}.Release|Any CPU.ActiveCfg = Release|Any CPU
		{5C48D40A-6373-4A37-A784-5EB7B3CF2902}.Release|Any CPU.Build.0 = Release|Any CPU
	EndGlobalSection
	GlobalSection(SolutionProperties) = preSolution
		HideSolutionNode = FALSE
	EndGlobalSection
	GlobalSection(ExtensibilityGlobals) = postSolution
		SolutionGuid = {80AD3566-6472-40C2-914F-7646AAC0052F}
	EndGlobalSection
EndGlobal
